// !$*UTF8*$!
{
	archiveVersion = 1;
	classes = {
	};
	objectVersion = 77;
	objects = {

/* Begin PBXContainerItemProxy section */
		560057EF2DE5B74C00EA1813 /* PBXContainerItemProxy */ = {
			isa = PBXContainerItemProxy;
			containerPortal = 560057D72DE5B74B00EA1813 /* Project object */;
			proxyType = 1;
			remoteGlobalIDString = 560057DE2DE5B74B00EA1813;
			remoteInfo = GridGame;
		};
		560057F92DE5B74C00EA1813 /* PBXContainerItemProxy */ = {
			isa = PBXContainerItemProxy;
			containerPortal = 560057D72DE5B74B00EA1813 /* Project object */;
			proxyType = 1;
			remoteGlobalIDString = 560057DE2DE5B74B00EA1813;
			remoteInfo = GridGame;
		};
/* End PBXContainerItemProxy section */

/* Begin PBXFileReference section */
		560057DF2DE5B74B00EA1813 /* GridGame.app */ = {isa = PBXFileReference; explicitFileType = wrapper.application; includeInIndex = 0; path = GridGame.app; sourceTree = BUILT_PRODUCTS_DIR; };
		560057EE2DE5B74C00EA1813 /* GridGameTests.xctest */ = {isa = PBXFileReference; explicitFileType = wrapper.cfbundle; includeInIndex = 0; path = GridGameTests.xctest; sourceTree = BUILT_PRODUCTS_DIR; };
		560057F82DE5B74C00EA1813 /* GridGameUITests.xctest */ = {isa = PBXFileReference; explicitFileType = wrapper.cfbundle; includeInIndex = 0; path = GridGameUITests.xctest; sourceTree = BUILT_PRODUCTS_DIR; };
/* End PBXFileReference section */

/* Begin PBXFileSystemSynchronizedBuildFileExceptionSet section */
		5600581B2DE5C29E00EA1813 /* Exceptions for "GridGame" folder in "GridGameTests" target */ = {
			isa = PBXFileSystemSynchronizedBuildFileExceptionSet;
			membershipExceptions = (
				Domain/GameCharacter.swift,
				Domain/GameWorld.swift,
				Domain/GameWorldLocation.swift,
			);
			target = 560057ED2DE5B74C00EA1813 /* GridGameTests */;
		};
/* End PBXFileSystemSynchronizedBuildFileExceptionSet section */

/* Begin PBXFileSystemSynchronizedRootGroup section */
		560057E12DE5B74B00EA1813 /* GridGame */ = {
			isa = PBXFileSystemSynchronizedRootGroup;
			exceptions = (
				5600581B2DE5C29E00EA1813 /* Exceptions for "GridGame" folder in "GridGameTests" target */,
			);
			path = GridGame;
			sourceTree = "<group>";
		};
		560057F12DE5B74C00EA1813 /* GridGameTests */ = {
			isa = PBXFileSystemSynchronizedRootGroup;
			path = GridGameTests;
			sourceTree = "<group>";
		};
		560057FB2DE5B74C00EA1813 /* GridGameUITests */ = {
			isa = PBXFileSystemSynchronizedRootGroup;
			path = GridGameUITests;
			sourceTree = "<group>";
		};
/* End PBXFileSystemSynchronizedRootGroup section */

/* Begin PBXFrameworksBuildPhase section */
		560057DC2DE5B74B00EA1813 /* Frameworks */ = {
			isa = PBXFrameworksBuildPhase;
			buildActionMask = 2147483647;
			files = (
			);
			runOnlyForDeploymentPostprocessing = 0;
		};
		560057EB2DE5B74C00EA1813 /* Frameworks */ = {
			isa = PBXFrameworksBuildPhase;
			buildActionMask = 2147483647;
			files = (
			);
			runOnlyForDeploymentPostprocessing = 0;
		};
		560057F52DE5B74C00EA1813 /* Frameworks */ = {
			isa = PBXFrameworksBuildPhase;
			buildActionMask = 2147483647;
			files = (
			);
			runOnlyForDeploymentPostprocessing = 0;
		};
/* End PBXFrameworksBuildPhase section */

/* Begin PBXGroup section */
		560057D62DE5B74B00EA1813 = {
			isa = PBXGroup;
			children = (
				560057E12DE5B74B00EA1813 /* GridGame */,
				560057F12DE5B74C00EA1813 /* GridGameTests */,
				560057FB2DE5B74C00EA1813 /* GridGameUITests */,
				560057E02DE5B74B00EA1813 /* Products */,
			);
			sourceTree = "<group>";
		};
		560057E02DE5B74B00EA1813 /* Products */ = {
			isa = PBXGroup;
			children = (
				560057DF2DE5B74B00EA1813 /* GridGame.app */,
				560057EE2DE5B74C00EA1813 /* GridGameTests.xctest */,
				560057F82DE5B74C00EA1813 /* GridGameUITests.xctest */,
			);
			name = Products;
			sourceTree = "<group>";
		};
/* End PBXGroup section */

/* Begin PBXNativeTarget section */
		560057DE2DE5B74B00EA1813 /* GridGame */ = {
			isa = PBXNativeTarget;
			buildConfigurationList = 560058022DE5B74C00EA1813 /* Build configuration list for PBXNativeTarget "GridGame" */;
			buildPhases = (
				560057DB2DE5B74B00EA1813 /* Sources */,
				560057DC2DE5B74B00EA1813 /* Frameworks */,
				560057DD2DE5B74B00EA1813 /* Resources */,
			);
			buildRules = (
			);
			dependencies = (
			);
			fileSystemSynchronizedGroups = (
				560057E12DE5B74B00EA1813 /* GridGame */,
			);
			name = GridGame;
			packageProductDependencies = (
			);
			productName = GridGame;
			productReference = 560057DF2DE5B74B00EA1813 /* GridGame.app */;
			productType = "com.apple.product-type.application";
		};
		560057ED2DE5B74C00EA1813 /* GridGameTests */ = {
			isa = PBXNativeTarget;
			buildConfigurationList = 560058052DE5B74C00EA1813 /* Build configuration list for PBXNativeTarget "GridGameTests" */;
			buildPhases = (
				560057EA2DE5B74C00EA1813 /* Sources */,
				560057EB2DE5B74C00EA1813 /* Frameworks */,
				560057EC2DE5B74C00EA1813 /* Resources */,
			);
			buildRules = (
			);
			dependencies = (
				560057F02DE5B74C00EA1813 /* PBXTargetDependency */,
			);
			fileSystemSynchronizedGroups = (
				560057F12DE5B74C00EA1813 /* GridGameTests */,
			);
			name = GridGameTests;
			packageProductDependencies = (
			);
			productName = GridGameTests;
			productReference = 560057EE2DE5B74C00EA1813 /* GridGameTests.xctest */;
			productType = "com.apple.product-type.bundle.unit-test";
		};
		560057F72DE5B74C00EA1813 /* GridGameUITests */ = {
			isa = PBXNativeTarget;
			buildConfigurationList = 560058082DE5B74C00EA1813 /* Build configuration list for PBXNativeTarget "GridGameUITests" */;
			buildPhases = (
				560057F42DE5B74C00EA1813 /* Sources */,
				560057F52DE5B74C00EA1813 /* Frameworks */,
				560057F62DE5B74C00EA1813 /* Resources */,
			);
			buildRules = (
			);
			dependencies = (
				560057FA2DE5B74C00EA1813 /* PBXTargetDependency */,
			);
			fileSystemSynchronizedGroups = (
				560057FB2DE5B74C00EA1813 /* GridGameUITests */,
			);
			name = GridGameUITests;
			packageProductDependencies = (
			);
			productName = GridGameUITests;
			productReference = 560057F82DE5B74C00EA1813 /* GridGameUITests.xctest */;
			productType = "com.apple.product-type.bundle.ui-testing";
		};
/* End PBXNativeTarget section */

/* Begin PBXProject section */
		560057D72DE5B74B00EA1813 /* Project object */ = {
			isa = PBXProject;
			attributes = {
				BuildIndependentTargetsInParallel = 1;
				LastSwiftUpdateCheck = 1630;
				LastUpgradeCheck = 1630;
				TargetAttributes = {
					560057DE2DE5B74B00EA1813 = {
						CreatedOnToolsVersion = 16.3;
					};
					560057ED2DE5B74C00EA1813 = {
						CreatedOnToolsVersion = 16.3;
						TestTargetID = 560057DE2DE5B74B00EA1813;
					};
					560057F72DE5B74C00EA1813 = {
						CreatedOnToolsVersion = 16.3;
						TestTargetID = 560057DE2DE5B74B00EA1813;
					};
				};
			};
			buildConfigurationList = 560057DA2DE5B74B00EA1813 /* Build configuration list for PBXProject "GridGame" */;
			developmentRegion = en;
			hasScannedForEncodings = 0;
			knownRegions = (
				en,
				Base,
			);
			mainGroup = 560057D62DE5B74B00EA1813;
			minimizedProjectReferenceProxies = 1;
			preferredProjectObjectVersion = 77;
			productRefGroup = 560057E02DE5B74B00EA1813 /* Products */;
			projectDirPath = "";
			projectRoot = "";
			targets = (
				560057DE2DE5B74B00EA1813 /* GridGame */,
				560057ED2DE5B74C00EA1813 /* GridGameTests */,
				560057F72DE5B74C00EA1813 /* GridGameUITests */,
			);
		};
/* End PBXProject section */

/* Begin PBXResourcesBuildPhase section */
		560057DD2DE5B74B00EA1813 /* Resources */ = {
			isa = PBXResourcesBuildPhase;
			buildActionMask = 2147483647;
			files = (
			);
			runOnlyForDeploymentPostprocessing = 0;
		};
		560057EC2DE5B74C00EA1813 /* Resources */ = {
			isa = PBXResourcesBuildPhase;
			buildActionMask = 2147483647;
			files = (
			);
			runOnlyForDeploymentPostprocessing = 0;
		};
		560057F62DE5B74C00EA1813 /* Resources */ = {
			isa = PBXResourcesBuildPhase;
			buildActionMask = 2147483647;
			files = (
			);
			runOnlyForDeploymentPostprocessing = 0;
		};
/* End PBXResourcesBuildPhase section */

/* Begin PBXSourcesBuildPhase section */
		560057DB2DE5B74B00EA1813 /* Sources */ = {
			isa = PBXSourcesBuildPhase;
			buildActionMask = 2147483647;
			files = (
			);
			runOnlyForDeploymentPostprocessing = 0;
		};
		560057EA2DE5B74C00EA1813 /* Sources */ = {
			isa = PBXSourcesBuildPhase;
			buildActionMask = 2147483647;
			files = (
			);
			runOnlyForDeploymentPostprocessing = 0;
		};
		560057F42DE5B74C00EA1813 /* Sources */ = {
			isa = PBXSourcesBuildPhase;
			buildActionMask = 2147483647;
			files = (
			);
			runOnlyForDeploymentPostprocessing = 0;
		};
/* End PBXSourcesBuildPhase section */

/* Begin PBXTargetDependency section */
		560057F02DE5B74C00EA1813 /* PBXTargetDependency */ = {
			isa = PBXTargetDependency;
			target = 560057DE2DE5B74B00EA1813 /* GridGame */;
			targetProxy = 560057EF2DE5B74C00EA1813 /* PBXContainerItemProxy */;
		};
		560057FA2DE5B74C00EA1813 /* PBXTargetDependency */ = {
			isa = PBXTargetDependency;
			target = 560057DE2DE5B74B00EA1813 /* GridGame */;
			targetProxy = 560057F92DE5B74C00EA1813 /* PBXContainerItemProxy */;
		};
/* End PBXTargetDependency section */

/* Begin XCBuildConfiguration section */
		560058002DE5B74C00EA1813 /* Debug */ = {
			isa = XCBuildConfiguration;
			buildSettings = {
				ALWAYS_SEARCH_USER_PATHS = NO;
				ASSETCATALOG_COMPILER_GENERATE_SWIFT_ASSET_SYMBOL_EXTENSIONS = YES;
				CLANG_ANALYZER_NONNULL = YES;
				CLANG_ANALYZER_NUMBER_OBJECT_CONVERSION = YES_AGGRESSIVE;
				CLANG_CXX_LANGUAGE_STANDARD = "gnu++20";
				CLANG_ENABLE_MODULES = YES;
				CLANG_ENABLE_OBJC_ARC = YES;
				CLANG_ENABLE_OBJC_WEAK = YES;
				CLANG_WARN_BLOCK_CAPTURE_AUTORELEASING = YES;
				CLANG_WARN_BOOL_CONVERSION = YES;
				CLANG_WARN_COMMA = YES;
				CLANG_WARN_CONSTANT_CONVERSION = YES;
				CLANG_WARN_DEPRECATED_OBJC_IMPLEMENTATIONS = YES;
				CLANG_WARN_DIRECT_OBJC_ISA_USAGE = YES_ERROR;
				CLANG_WARN_DOCUMENTATION_COMMENTS = YES;
				CLANG_WARN_EMPTY_BODY = YES;
				CLANG_WARN_ENUM_CONVERSION = YES;
				CLANG_WARN_INFINITE_RECURSION = YES;
				CLANG_WARN_INT_CONVERSION = YES;
				CLANG_WARN_NON_LITERAL_NULL_CONVERSION = YES;
				CLANG_WARN_OBJC_IMPLICIT_RETAIN_SELF = YES;
				CLANG_WARN_OBJC_LITERAL_CONVERSION = YES;
				CLANG_WARN_OBJC_ROOT_CLASS = YES_ERROR;
				CLANG_WARN_QUOTED_INCLUDE_IN_FRAMEWORK_HEADER = YES;
				CLANG_WARN_RANGE_LOOP_ANALYSIS = YES;
				CLANG_WARN_STRICT_PROTOTYPES = YES;
				CLANG_WARN_SUSPICIOUS_MOVE = YES;
				CLANG_WARN_UNGUARDED_AVAILABILITY = YES_AGGRESSIVE;
				CLANG_WARN_UNREACHABLE_CODE = YES;
				CLANG_WARN__DUPLICATE_METHOD_MATCH = YES;
				COPY_PHASE_STRIP = NO;
				DEBUG_INFORMATION_FORMAT = dwarf;
				DEVELOPMENT_TEAM = QTXW6735S3;
				ENABLE_STRICT_OBJC_MSGSEND = YES;
				ENABLE_TESTABILITY = YES;
				ENABLE_USER_SCRIPT_SANDBOXING = YES;
				GCC_C_LANGUAGE_STANDARD = gnu17;
				GCC_DYNAMIC_NO_PIC = NO;
				GCC_NO_COMMON_BLOCKS = YES;
				GCC_OPTIMIZATION_LEVEL = 0;
				GCC_PREPROCESSOR_DEFINITIONS = (
					"DEBUG=1",
					"$(inherited)",
				);
				GCC_WARN_64_TO_32_BIT_CONVERSION = YES;
				GCC_WARN_ABOUT_RETURN_TYPE = YES_ERROR;
				GCC_WARN_UNDECLARED_SELECTOR = YES;
				GCC_WARN_UNINITIALIZED_AUTOS = YES_AGGRESSIVE;
				GCC_WARN_UNUSED_FUNCTION = YES;
				GCC_WARN_UNUSED_VARIABLE = YES;
				IPHONEOS_DEPLOYMENT_TARGET = 18.4;
				LOCALIZATION_PREFERS_STRING_CATALOGS = YES;
				MTL_ENABLE_DEBUG_INFO = INCLUDE_SOURCE;
				MTL_FAST_MATH = YES;
				ONLY_ACTIVE_ARCH = YES;
				SDKROOT = iphoneos;
				SWIFT_ACTIVE_COMPILATION_CONDITIONS = "DEBUG $(inherited)";
				SWIFT_OPTIMIZATION_LEVEL = "-Onone";
			};
			name = Debug;
		};
		560058012DE5B74C00EA1813 /* Release */ = {
			isa = XCBuildConfiguration;
			buildSettings = {
				ALWAYS_SEARCH_USER_PATHS = NO;
				ASSETCATALOG_COMPILER_GENERATE_SWIFT_ASSET_SYMBOL_EXTENSIONS = YES;
				CLANG_ANALYZER_NONNULL = YES;
				CLANG_ANALYZER_NUMBER_OBJECT_CONVERSION = YES_AGGRESSIVE;
				CLANG_CXX_LANGUAGE_STANDARD = "gnu++20";
				CLANG_ENABLE_MODULES = YES;
				CLANG_ENABLE_OBJC_ARC = YES;
				CLANG_ENABLE_OBJC_WEAK = YES;
				CLANG_WARN_BLOCK_CAPTURE_AUTORELEASING = YES;
				CLANG_WARN_BOOL_CONVERSION = YES;
				CLANG_WARN_COMMA = YES;
				CLANG_WARN_CONSTANT_CONVERSION = YES;
				CLANG_WARN_DEPRECATED_OBJC_IMPLEMENTATIONS = YES;
				CLANG_WARN_DIRECT_OBJC_ISA_USAGE = YES_ERROR;
				CLANG_WARN_DOCUMENTATION_COMMENTS = YES;
				CLANG_WARN_EMPTY_BODY = YES;
				CLANG_WARN_ENUM_CONVERSION = YES;
				CLANG_WARN_INFINITE_RECURSION = YES;
				CLANG_WARN_INT_CONVERSION = YES;
				CLANG_WARN_NON_LITERAL_NULL_CONVERSION = YES;
				CLANG_WARN_OBJC_IMPLICIT_RETAIN_SELF = YES;
				CLANG_WARN_OBJC_LITERAL_CONVERSION = YES;
				CLANG_WARN_OBJC_ROOT_CLASS = YES_ERROR;
				CLANG_WARN_QUOTED_INCLUDE_IN_FRAMEWORK_HEADER = YES;
				CLANG_WARN_RANGE_LOOP_ANALYSIS = YES;
				CLANG_WARN_STRICT_PROTOTYPES = YES;
				CLANG_WARN_SUSPICIOUS_MOVE = YES;
				CLANG_WARN_UNGUARDED_AVAILABILITY = YES_AGGRESSIVE;
				CLANG_WARN_UNREACHABLE_CODE = YES;
				CLANG_WARN__DUPLICATE_METHOD_MATCH = YES;
				COPY_PHASE_STRIP = NO;
				DEBUG_INFORMATION_FORMAT = "dwarf-with-dsym";
				DEVELOPMENT_TEAM = QTXW6735S3;
				ENABLE_NS_ASSERTIONS = NO;
				ENABLE_STRICT_OBJC_MSGSEND = YES;
				ENABLE_USER_SCRIPT_SANDBOXING = YES;
				GCC_C_LANGUAGE_STANDARD = gnu17;
				GCC_NO_COMMON_BLOCKS = YES;
				GCC_WARN_64_TO_32_BIT_CONVERSION = YES;
				GCC_WARN_ABOUT_RETURN_TYPE = YES_ERROR;
				GCC_WARN_UNDECLARED_SELECTOR = YES;
				GCC_WARN_UNINITIALIZED_AUTOS = YES_AGGRESSIVE;
				GCC_WARN_UNUSED_FUNCTION = YES;
				GCC_WARN_UNUSED_VARIABLE = YES;
				IPHONEOS_DEPLOYMENT_TARGET = 18.4;
				LOCALIZATION_PREFERS_STRING_CATALOGS = YES;
				MTL_ENABLE_DEBUG_INFO = NO;
				MTL_FAST_MATH = YES;
				SDKROOT = iphoneos;
				SWIFT_COMPILATION_MODE = wholemodule;
				VALIDATE_PRODUCT = YES;
			};
			name = Release;
		};
		560058032DE5B74C00EA1813 /* Debug */ = {
			isa = XCBuildConfiguration;
			buildSettings = {
				ASSETCATALOG_COMPILER_APPICON_NAME = AppIcon;
				ASSETCATALOG_COMPILER_GLOBAL_ACCENT_COLOR_NAME = AccentColor;
				CODE_SIGN_STYLE = Automatic;
				CURRENT_PROJECT_VERSION = 1;
				DEVELOPMENT_TEAM = QTXW6735S3;
				ENABLE_PREVIEWS = YES;
				GENERATE_INFOPLIST_FILE = YES;
				INFOPLIST_KEY_UIApplicationSceneManifest_Generation = YES;
				INFOPLIST_KEY_UIApplicationSupportsIndirectInputEvents = YES;
				INFOPLIST_KEY_UILaunchScreen_Generation = YES;
				INFOPLIST_KEY_UISupportedInterfaceOrientations_iPad = "UIInterfaceOrientationPortrait UIInterfaceOrientationPortraitUpsideDown UIInterfaceOrientationLandscapeLeft UIInterfaceOrientationLandscapeRight";
				INFOPLIST_KEY_UISupportedInterfaceOrientations_iPhone = "UIInterfaceOrientationPortrait UIInterfaceOrientationLandscapeLeft UIInterfaceOrientationLandscapeRight";
				LD_RUNPATH_SEARCH_PATHS = (
					"$(inherited)",
					"@executable_path/Frameworks",
				);
				MARKETING_VERSION = 1.0;
				PRODUCT_BUNDLE_IDENTIFIER = com.jasonsapps.GridGame;
				PRODUCT_NAME = "$(TARGET_NAME)";
				SWIFT_EMIT_LOC_STRINGS = YES;
				SWIFT_VERSION = 5.0;
				TARGETED_DEVICE_FAMILY = "1,2";
			};
			name = Debug;
		};
		560058042DE5B74C00EA1813 /* Release */ = {
			isa = XCBuildConfiguration;
			buildSettings = {
				ASSETCATALOG_COMPILER_APPICON_NAME = AppIcon;
				ASSETCATALOG_COMPILER_GLOBAL_ACCENT_COLOR_NAME = AccentColor;
				CODE_SIGN_STYLE = Automatic;
				CURRENT_PROJECT_VERSION = 1;
				DEVELOPMENT_TEAM = QTXW6735S3;
				ENABLE_PREVIEWS = YES;
				GENERATE_INFOPLIST_FILE = YES;
				INFOPLIST_KEY_UIApplicationSceneManifest_Generation = YES;
				INFOPLIST_KEY_UIApplicationSupportsIndirectInputEvents = YES;
				INFOPLIST_KEY_UILaunchScreen_Generation = YES;
				INFOPLIST_KEY_UISupportedInterfaceOrientations_iPad = "UIInterfaceOrientationPortrait UIInterfaceOrientationPortraitUpsideDown UIInterfaceOrientationLandscapeLeft UIInterfaceOrientationLandscapeRight";
				INFOPLIST_KEY_UISupportedInterfaceOrientations_iPhone = "UIInterfaceOrientationPortrait UIInterfaceOrientationLandscapeLeft UIInterfaceOrientationLandscapeRight";
				LD_RUNPATH_SEARCH_PATHS = (
					"$(inherited)",
					"@executable_path/Frameworks",
				);
				MARKETING_VERSION = 1.0;
				PRODUCT_BUNDLE_IDENTIFIER = com.jasonsapps.GridGame;
				PRODUCT_NAME = "$(TARGET_NAME)";
				SWIFT_EMIT_LOC_STRINGS = YES;
				SWIFT_VERSION = 5.0;
				TARGETED_DEVICE_FAMILY = "1,2";
			};
			name = Release;
		};
		560058062DE5B74C00EA1813 /* Debug */ = {
			isa = XCBuildConfiguration;
			buildSettings = {
				BUNDLE_LOADER = "$(TEST_HOST)";
				CODE_SIGN_STYLE = Automatic;
				CURRENT_PROJECT_VERSION = 1;
				DEVELOPMENT_TEAM = QTXW6735S3;
				GENERATE_INFOPLIST_FILE = YES;
				IPHONEOS_DEPLOYMENT_TARGET = 18.4;
				MARKETING_VERSION = 1.0;
				PRODUCT_BUNDLE_IDENTIFIER = com.jasonsapps.GridGameTests;
				PRODUCT_NAME = "$(TARGET_NAME)";
				SWIFT_EMIT_LOC_STRINGS = NO;
				SWIFT_VERSION = 5.0;
				TARGETED_DEVICE_FAMILY = "1,2";
				TEST_HOST = "$(BUILT_PRODUCTS_DIR)/GridGame.app/$(BUNDLE_EXECUTABLE_FOLDER_PATH)/GridGame";
			};
			name = Debug;
		};
		560058072DE5B74C00EA1813 /* Release */ = {
			isa = XCBuildConfiguration;
			buildSettings = {
				BUNDLE_LOADER = "$(TEST_HOST)";
				CODE_SIGN_STYLE = Automatic;
				CURRENT_PROJECT_VERSION = 1;
				DEVELOPMENT_TEAM = QTXW6735S3;
				GENERATE_INFOPLIST_FILE = YES;
				IPHONEOS_DEPLOYMENT_TARGET = 18.4;
				MARKETING_VERSION = 1.0;
				PRODUCT_BUNDLE_IDENTIFIER = com.jasonsapps.GridGameTests;
				PRODUCT_NAME = "$(TARGET_NAME)";
				SWIFT_EMIT_LOC_STRINGS = NO;
				SWIFT_VERSION = 5.0;
				TARGETED_DEVICE_FAMILY = "1,2";
				TEST_HOST = "$(BUILT_PRODUCTS_DIR)/GridGame.app/$(BUNDLE_EXECUTABLE_FOLDER_PATH)/GridGame";
			};
			name = Release;
		};
		560058092DE5B74C00EA1813 /* Debug */ = {
			isa = XCBuildConfiguration;
			buildSettings = {
				CODE_SIGN_STYLE = Automatic;
				CURRENT_PROJECT_VERSION = 1;
				DEVELOPMENT_TEAM = QTXW6735S3;
				GENERATE_INFOPLIST_FILE = YES;
				MARKETING_VERSION = 1.0;
				PRODUCT_BUNDLE_IDENTIFIER = com.jasonsapps.GridGameUITests;
				PRODUCT_NAME = "$(TARGET_NAME)";
				SWIFT_EMIT_LOC_STRINGS = NO;
				SWIFT_VERSION = 5.0;
				TARGETED_DEVICE_FAMILY = "1,2";
				TEST_TARGET_NAME = GridGame;
			};
			name = Debug;
		};
		5600580A2DE5B74C00EA1813 /* Release */ = {
			isa = XCBuildConfiguration;
			buildSettings = {
				CODE_SIGN_STYLE = Automatic;
				CURRENT_PROJECT_VERSION = 1;
				DEVELOPMENT_TEAM = QTXW6735S3;
				GENERATE_INFOPLIST_FILE = YES;
				MARKETING_VERSION = 1.0;
				PRODUCT_BUNDLE_IDENTIFIER = com.jasonsapps.GridGameUITests;
				PRODUCT_NAME = "$(TARGET_NAME)";
				SWIFT_EMIT_LOC_STRINGS = NO;
				SWIFT_VERSION = 5.0;
				TARGETED_DEVICE_FAMILY = "1,2";
				TEST_TARGET_NAME = GridGame;
			};
			name = Release;
		};
/* End XCBuildConfiguration section */

/* Begin XCConfigurationList section */
		560057DA2DE5B74B00EA1813 /* Build configuration list for PBXProject "GridGame" */ = {
			isa = XCConfigurationList;
			buildConfigurations = (
				560058002DE5B74C00EA1813 /* Debug */,
				560058012DE5B74C00EA1813 /* Release */,
			);
			defaultConfigurationIsVisible = 0;
			defaultConfigurationName = Release;
		};
		560058022DE5B74C00EA1813 /* Build configuration list for PBXNativeTarget "GridGame" */ = {
			isa = XCConfigurationList;
			buildConfigurations = (
				560058032DE5B74C00EA1813 /* Debug */,
				560058042DE5B74C00EA1813 /* Release */,
			);
			defaultConfigurationIsVisible = 0;
			defaultConfigurationName = Release;
		};
		560058052DE5B74C00EA1813 /* Build configuration list for PBXNativeTarget "GridGameTests" */ = {
			isa = XCConfigurationList;
			buildConfigurations = (
				560058062DE5B74C00EA1813 /* Debug */,
				560058072DE5B74C00EA1813 /* Release */,
			);
			defaultConfigurationIsVisible = 0;
			defaultConfigurationName = Release;
		};
		560058082DE5B74C00EA1813 /* Build configuration list for PBXNativeTarget "GridGameUITests" */ = {
			isa = XCConfigurationList;
			buildConfigurations = (
				560058092DE5B74C00EA1813 /* Debug */,
				5600580A2DE5B74C00EA1813 /* Release */,
			);
			defaultConfigurationIsVisible = 0;
			defaultConfigurationName = Release;
		};
/* End XCConfigurationList section */
	};
	rootObject = 560057D72DE5B74B00EA1813 /* Project object */;
}
